
Microsoft Visual Studio Solution File, Format Version 12.00
# Visual Studio 15
VisualStudioVersion = 15.0.35213.121
MinimumVisualStudioVersion = 10.0.40219.1
Project("{FAE04EC0-301F-11D3-BF4B-00C04F79EFBC}") = "Hafta3Soru7", "Hafta3Soru7\Hafta3Soru7.csproj", "{46DA8D82-6120-42A9-80DD-30A590F5EB96}"
EndProject
Global
	GlobalSection(SolutionConfigurationPlatforms) = preSolution
		Debug|Any CPU = Debug|Any CPU
		Release|Any CPU = Release|Any CPU
	EndGlobalSection
	GlobalSection(ProjectConfigurationPlatforms) = postSolution
		{46DA8D82-6120-42A9-80DD-30A590F5EB96}.Debug|Any CPU.ActiveCfg = Debug|Any CPU
		{46DA8D82-6120-42A9-80DD-30A590F5EB96}.Debug|Any CPU.Build.0 = Debug|Any CPU
		{46DA8D82-6120-42A9-80DD-30A590F5EB96}.Release|Any CPU.ActiveCfg = Release|Any CPU
		{46DA8D82-6120-42A9-80DD-30A590F5EB96}.Release|Any CPU.Build.0 = Release|Any CPU
	EndGlobalSection
	GlobalSection(SolutionProperties) = preSolution
		HideSolutionNode = FALSE
	EndGlobalSection
	GlobalSection(ExtensibilityGlobals) = postSolution
		SolutionGuid = {3F4F559A-A23D-47C9-951A-E1A4BCB7A26C}
	EndGlobalSection
EndGlobal
