
Microsoft Visual Studio Solution File, Format Version 12.00
# Visual Studio 15
VisualStudioVersion = 15.0.35213.121
MinimumVisualStudioVersion = 10.0.40219.1
Project("{FAE04EC0-301F-11D3-BF4B-00C04F79EFBC}") = "Hafta3Soru9", "Hafta3Soru9\Hafta3Soru9.csproj", "{67CAAE91-E31E-400F-AFCA-7908AFB29D99}"
EndProject
Global
	GlobalSection(SolutionConfigurationPlatforms) = preSolution
		Debug|Any CPU = Debug|Any CPU
		Release|Any CPU = Release|Any CPU
	EndGlobalSection
	GlobalSection(ProjectConfigurationPlatforms) = postSolution
		{67CAAE91-E31E-400F-AFCA-7908AFB29D99}.Debug|Any CPU.ActiveCfg = Debug|Any CPU
		{67CAAE91-E31E-400F-AFCA-7908AFB29D99}.Debug|Any CPU.Build.0 = Debug|Any CPU
		{67CAAE91-E31E-400F-AFCA-7908AFB29D99}.Release|Any CPU.ActiveCfg = Release|Any CPU
		{67CAAE91-E31E-400F-AFCA-7908AFB29D99}.Release|Any CPU.Build.0 = Release|Any CPU
	EndGlobalSection
	GlobalSection(SolutionProperties) = preSolution
		HideSolutionNode = FALSE
	EndGlobalSection
	GlobalSection(ExtensibilityGlobals) = postSolution
		SolutionGuid = {C594F4E6-79CD-4A0D-9062-8231254D1723}
	EndGlobalSection
EndGlobal
